{
  "name": "@lapointelabs/lifeline",
  "version": "0.1.0",
  "lockfileVersion": 3,
  "requires": true,
  "packages": {
    "": {
      "name": "@lapointelabs/lifeline",
      "version": "0.1.0",
      "license": "MIT",
      "bin": {
        "lifeline": "bin/lifeline.js"
      },
      "engines": {
        "node": ">=20.1"
      }
    }
  }
}
